
Microsoft Visual Studio Solution File, Format Version 12.00
# Visual Studio 15
VisualStudioVersion = 15.0.26403.7
MinimumVisualStudioVersion = 10.0.40219.1
Project("{FAE04EC0-301F-11D3-BF4B-00C04F79EFBC}") = "IoTDeviceSDKWrapper", "IoTDeviceSDKWrapper\IoTDeviceSDKWrapper.csproj", "{4DD8CADA-9A21-42A9-8902-EAD9E97D338E}"
EndProject
Project("{FAE04EC0-301F-11D3-BF4B-00C04F79EFBC}") = "Sample", "Sample\Sample.csproj", "{DCEDE49E-7A84-4FD5-B39F-811EF3C9931E}"
EndProject
Project("{FAE04EC0-301F-11D3-BF4B-00C04F79EFBC}") = "IoTDeviceSDKWrapper.Test", "IoTDeviceSDKWrapper.Test\IoTDeviceSDKWrapper.Test.csproj", "{38411CE2-1D7C-439A-9147-11CC6095DB93}"
EndProject
Project("{2150E333-8FDC-42A3-9474-1A3956D46DE8}") = "Solution Items", "Solution Items", "{E9B997B0-F244-4F46-A474-0317E7AF8B48}"
	ProjectSection(SolutionItems) = preProject
		appveyor.yml = appveyor.yml
		PackAndPush.ps1 = PackAndPush.ps1
		README.md = README.md
	EndProjectSection
EndProject
Project("{D954291E-2A0B-460D-934E-DC6B0785DB48}") = "IoTDeviceSDKWrapper.Shared", "IoTDeviceSDKWrapper.Shared\IoTDeviceSDKWrapper.Shared.shproj", "{69E7832F-EA91-4039-A5A7-AEB4E9117954}"
EndProject
Project("{FAE04EC0-301F-11D3-BF4B-00C04F79EFBC}") = "IoTDeviceSDKWrapper.UWP", "IoTDeviceSDKWrapper.UWP\IoTDeviceSDKWrapper.UWP.csproj", "{E6E4FA0E-32A8-42A8-9170-64BC0FF5BA91}"
EndProject
Project("{FAE04EC0-301F-11D3-BF4B-00C04F79EFBC}") = "LoadTest", "LoadTest\LoadTest.csproj", "{BD9384D0-7D26-45A9-B43A-7E8362A87592}"
EndProject
Project("{FAE04EC0-301F-11D3-BF4B-00C04F79EFBC}") = "IoTDeviceSDKWrapper.NetCore", "IoTDeviceSDKWrapper.NetCore\IoTDeviceSDKWrapper.NetCore.csproj", "{B2E7318B-BF92-4318-8E30-6553724E755E}"
EndProject
Project("{FAE04EC0-301F-11D3-BF4B-00C04F79EFBC}") = "Sample.NetCore", "Sample.NetCore\Sample.NetCore.csproj", "{EF6A86AA-3A2B-41BF-8075-4365E6CEF592}"
EndProject
Global
	GlobalSection(SharedMSBuildProjectFiles) = preSolution
		IoTDeviceSDKWrapper.Shared\IoTDeviceSDKWrapper.Shared.projitems*{4dd8cada-9a21-42a9-8902-ead9e97d338e}*SharedItemsImports = 4
		IoTDeviceSDKWrapper.Shared\IoTDeviceSDKWrapper.Shared.projitems*{69e7832f-ea91-4039-a5a7-aeb4e9117954}*SharedItemsImports = 13
		IoTDeviceSDKWrapper.Shared\IoTDeviceSDKWrapper.Shared.projitems*{e6e4fa0e-32a8-42a8-9170-64bc0ff5ba91}*SharedItemsImports = 4
	EndGlobalSection
	GlobalSection(SolutionConfigurationPlatforms) = preSolution
		Debug|Any CPU = Debug|Any CPU
		Debug|ARM = Debug|ARM
		Debug|x64 = Debug|x64
		Debug|x86 = Debug|x86
		Release|Any CPU = Release|Any CPU
		Release|ARM = Release|ARM
		Release|x64 = Release|x64
		Release|x86 = Release|x86
	EndGlobalSection
	GlobalSection(ProjectConfigurationPlatforms) = postSolution
		{4DD8CADA-9A21-42A9-8902-EAD9E97D338E}.Debug|Any CPU.ActiveCfg = Debug|Any CPU
		{4DD8CADA-9A21-42A9-8902-EAD9E97D338E}.Debug|Any CPU.Build.0 = Debug|Any CPU
		{4DD8CADA-9A21-42A9-8902-EAD9E97D338E}.Debug|ARM.ActiveCfg = Debug|Any CPU
		{4DD8CADA-9A21-42A9-8902-EAD9E97D338E}.Debug|ARM.Build.0 = Debug|Any CPU
		{4DD8CADA-9A21-42A9-8902-EAD9E97D338E}.Debug|x64.ActiveCfg = Debug|Any CPU
		{4DD8CADA-9A21-42A9-8902-EAD9E97D338E}.Debug|x64.Build.0 = Debug|Any CPU
		{4DD8CADA-9A21-42A9-8902-EAD9E97D338E}.Debug|x86.ActiveCfg = Debug|Any CPU
		{4DD8CADA-9A21-42A9-8902-EAD9E97D338E}.Debug|x86.Build.0 = Debug|Any CPU
		{4DD8CADA-9A21-42A9-8902-EAD9E97D338E}.Release|Any CPU.ActiveCfg = Release|Any CPU
		{4DD8CADA-9A21-42A9-8902-EAD9E97D338E}.Release|Any CPU.Build.0 = Release|Any CPU
		{4DD8CADA-9A21-42A9-8902-EAD9E97D338E}.Release|ARM.ActiveCfg = Release|Any CPU
		{4DD8CADA-9A21-42A9-8902-EAD9E97D338E}.Release|ARM.Build.0 = Release|Any CPU
		{4DD8CADA-9A21-42A9-8902-EAD9E97D338E}.Release|x64.ActiveCfg = Release|Any CPU
		{4DD8CADA-9A21-42A9-8902-EAD9E97D338E}.Release|x64.Build.0 = Release|Any CPU
		{4DD8CADA-9A21-42A9-8902-EAD9E97D338E}.Release|x86.ActiveCfg = Release|Any CPU
		{4DD8CADA-9A21-42A9-8902-EAD9E97D338E}.Release|x86.Build.0 = Release|Any CPU
		{DCEDE49E-7A84-4FD5-B39F-811EF3C9931E}.Debug|Any CPU.ActiveCfg = Debug|Any CPU
		{DCEDE49E-7A84-4FD5-B39F-811EF3C9931E}.Debug|Any CPU.Build.0 = Debug|Any CPU
		{DCEDE49E-7A84-4FD5-B39F-811EF3C9931E}.Debug|ARM.ActiveCfg = Debug|Any CPU
		{DCEDE49E-7A84-4FD5-B39F-811EF3C9931E}.Debug|ARM.Build.0 = Debug|Any CPU
		{DCEDE49E-7A84-4FD5-B39F-811EF3C9931E}.Debug|x64.ActiveCfg = Debug|Any CPU
		{DCEDE49E-7A84-4FD5-B39F-811EF3C9931E}.Debug|x64.Build.0 = Debug|Any CPU
		{DCEDE49E-7A84-4FD5-B39F-811EF3C9931E}.Debug|x86.ActiveCfg = Debug|Any CPU
		{DCEDE49E-7A84-4FD5-B39F-811EF3C9931E}.Debug|x86.Build.0 = Debug|Any CPU
		{DCEDE49E-7A84-4FD5-B39F-811EF3C9931E}.Release|Any CPU.ActiveCfg = Release|Any CPU
		{DCEDE49E-7A84-4FD5-B39F-811EF3C9931E}.Release|Any CPU.Build.0 = Release|Any CPU
		{DCEDE49E-7A84-4FD5-B39F-811EF3C9931E}.Release|ARM.ActiveCfg = Release|Any CPU
		{DCEDE49E-7A84-4FD5-B39F-811EF3C9931E}.Release|ARM.Build.0 = Release|Any CPU
		{DCEDE49E-7A84-4FD5-B39F-811EF3C9931E}.Release|x64.ActiveCfg = Release|Any CPU
		{DCEDE49E-7A84-4FD5-B39F-811EF3C9931E}.Release|x64.Build.0 = Release|Any CPU
		{DCEDE49E-7A84-4FD5-B39F-811EF3C9931E}.Release|x86.ActiveCfg = Release|Any CPU
		{DCEDE49E-7A84-4FD5-B39F-811EF3C9931E}.Release|x86.Build.0 = Release|Any CPU
		{38411CE2-1D7C-439A-9147-11CC6095DB93}.Debug|Any CPU.ActiveCfg = Debug|Any CPU
		{38411CE2-1D7C-439A-9147-11CC6095DB93}.Debug|Any CPU.Build.0 = Debug|Any CPU
		{38411CE2-1D7C-439A-9147-11CC6095DB93}.Debug|ARM.ActiveCfg = Debug|Any CPU
		{38411CE2-1D7C-439A-9147-11CC6095DB93}.Debug|ARM.Build.0 = Debug|Any CPU
		{38411CE2-1D7C-439A-9147-11CC6095DB93}.Debug|x64.ActiveCfg = Debug|Any CPU
		{38411CE2-1D7C-439A-9147-11CC6095DB93}.Debug|x64.Build.0 = Debug|Any CPU
		{38411CE2-1D7C-439A-9147-11CC6095DB93}.Debug|x86.ActiveCfg = Debug|Any CPU
		{38411CE2-1D7C-439A-9147-11CC6095DB93}.Debug|x86.Build.0 = Debug|Any CPU
		{38411CE2-1D7C-439A-9147-11CC6095DB93}.Release|Any CPU.ActiveCfg = Release|Any CPU
		{38411CE2-1D7C-439A-9147-11CC6095DB93}.Release|Any CPU.Build.0 = Release|Any CPU
		{38411CE2-1D7C-439A-9147-11CC6095DB93}.Release|ARM.ActiveCfg = Release|Any CPU
		{38411CE2-1D7C-439A-9147-11CC6095DB93}.Release|ARM.Build.0 = Release|Any CPU
		{38411CE2-1D7C-439A-9147-11CC6095DB93}.Release|x64.ActiveCfg = Release|Any CPU
		{38411CE2-1D7C-439A-9147-11CC6095DB93}.Release|x64.Build.0 = Release|Any CPU
		{38411CE2-1D7C-439A-9147-11CC6095DB93}.Release|x86.ActiveCfg = Release|Any CPU
		{38411CE2-1D7C-439A-9147-11CC6095DB93}.Release|x86.Build.0 = Release|Any CPU
		{E6E4FA0E-32A8-42A8-9170-64BC0FF5BA91}.Debug|Any CPU.ActiveCfg = Debug|Any CPU
		{E6E4FA0E-32A8-42A8-9170-64BC0FF5BA91}.Debug|Any CPU.Build.0 = Debug|Any CPU
		{E6E4FA0E-32A8-42A8-9170-64BC0FF5BA91}.Debug|ARM.ActiveCfg = Debug|ARM
		{E6E4FA0E-32A8-42A8-9170-64BC0FF5BA91}.Debug|ARM.Build.0 = Debug|ARM
		{E6E4FA0E-32A8-42A8-9170-64BC0FF5BA91}.Debug|x64.ActiveCfg = Debug|x64
		{E6E4FA0E-32A8-42A8-9170-64BC0FF5BA91}.Debug|x64.Build.0 = Debug|x64
		{E6E4FA0E-32A8-42A8-9170-64BC0FF5BA91}.Debug|x86.ActiveCfg = Debug|x86
		{E6E4FA0E-32A8-42A8-9170-64BC0FF5BA91}.Debug|x86.Build.0 = Debug|x86
		{E6E4FA0E-32A8-42A8-9170-64BC0FF5BA91}.Release|Any CPU.ActiveCfg = Release|Any CPU
		{E6E4FA0E-32A8-42A8-9170-64BC0FF5BA91}.Release|Any CPU.Build.0 = Release|Any CPU
		{E6E4FA0E-32A8-42A8-9170-64BC0FF5BA91}.Release|ARM.ActiveCfg = Release|ARM
		{E6E4FA0E-32A8-42A8-9170-64BC0FF5BA91}.Release|ARM.Build.0 = Release|ARM
		{E6E4FA0E-32A8-42A8-9170-64BC0FF5BA91}.Release|x64.ActiveCfg = Release|x64
		{E6E4FA0E-32A8-42A8-9170-64BC0FF5BA91}.Release|x64.Build.0 = Release|x64
		{E6E4FA0E-32A8-42A8-9170-64BC0FF5BA91}.Release|x86.ActiveCfg = Release|x86
		{E6E4FA0E-32A8-42A8-9170-64BC0FF5BA91}.Release|x86.Build.0 = Release|x86
		{BD9384D0-7D26-45A9-B43A-7E8362A87592}.Debug|Any CPU.ActiveCfg = Debug|Any CPU
		{BD9384D0-7D26-45A9-B43A-7E8362A87592}.Debug|Any CPU.Build.0 = Debug|Any CPU
		{BD9384D0-7D26-45A9-B43A-7E8362A87592}.Debug|ARM.ActiveCfg = Debug|Any CPU
		{BD9384D0-7D26-45A9-B43A-7E8362A87592}.Debug|ARM.Build.0 = Debug|Any CPU
		{BD9384D0-7D26-45A9-B43A-7E8362A87592}.Debug|x64.ActiveCfg = Debug|Any CPU
		{BD9384D0-7D26-45A9-B43A-7E8362A87592}.Debug|x64.Build.0 = Debug|Any CPU
		{BD9384D0-7D26-45A9-B43A-7E8362A87592}.Debug|x86.ActiveCfg = Debug|Any CPU
		{BD9384D0-7D26-45A9-B43A-7E8362A87592}.Debug|x86.Build.0 = Debug|Any CPU
		{BD9384D0-7D26-45A9-B43A-7E8362A87592}.Release|Any CPU.ActiveCfg = Release|Any CPU
		{BD9384D0-7D26-45A9-B43A-7E8362A87592}.Release|Any CPU.Build.0 = Release|Any CPU
		{BD9384D0-7D26-45A9-B43A-7E8362A87592}.Release|ARM.ActiveCfg = Release|Any CPU
		{BD9384D0-7D26-45A9-B43A-7E8362A87592}.Release|ARM.Build.0 = Release|Any CPU
		{BD9384D0-7D26-45A9-B43A-7E8362A87592}.Release|x64.ActiveCfg = Release|Any CPU
		{BD9384D0-7D26-45A9-B43A-7E8362A87592}.Release|x64.Build.0 = Release|Any CPU
		{BD9384D0-7D26-45A9-B43A-7E8362A87592}.Release|x86.ActiveCfg = Release|Any CPU
		{BD9384D0-7D26-45A9-B43A-7E8362A87592}.Release|x86.Build.0 = Release|Any CPU
		{B2E7318B-BF92-4318-8E30-6553724E755E}.Debug|Any CPU.ActiveCfg = Debug|Any CPU
		{B2E7318B-BF92-4318-8E30-6553724E755E}.Debug|Any CPU.Build.0 = Debug|Any CPU
		{B2E7318B-BF92-4318-8E30-6553724E755E}.Debug|ARM.ActiveCfg = Debug|Any CPU
		{B2E7318B-BF92-4318-8E30-6553724E755E}.Debug|ARM.Build.0 = Debug|Any CPU
		{B2E7318B-BF92-4318-8E30-6553724E755E}.Debug|x64.ActiveCfg = Debug|Any CPU
		{B2E7318B-BF92-4318-8E30-6553724E755E}.Debug|x64.Build.0 = Debug|Any CPU
		{B2E7318B-BF92-4318-8E30-6553724E755E}.Debug|x86.ActiveCfg = Debug|Any CPU
		{B2E7318B-BF92-4318-8E30-6553724E755E}.Debug|x86.Build.0 = Debug|Any CPU
		{B2E7318B-BF92-4318-8E30-6553724E755E}.Release|Any CPU.ActiveCfg = Release|Any CPU
		{B2E7318B-BF92-4318-8E30-6553724E755E}.Release|Any CPU.Build.0 = Release|Any CPU
		{B2E7318B-BF92-4318-8E30-6553724E755E}.Release|ARM.ActiveCfg = Release|Any CPU
		{B2E7318B-BF92-4318-8E30-6553724E755E}.Release|ARM.Build.0 = Release|Any CPU
		{B2E7318B-BF92-4318-8E30-6553724E755E}.Release|x64.ActiveCfg = Release|Any CPU
		{B2E7318B-BF92-4318-8E30-6553724E755E}.Release|x64.Build.0 = Release|Any CPU
		{B2E7318B-BF92-4318-8E30-6553724E755E}.Release|x86.ActiveCfg = Release|Any CPU
		{B2E7318B-BF92-4318-8E30-6553724E755E}.Release|x86.Build.0 = Release|Any CPU
		{EF6A86AA-3A2B-41BF-8075-4365E6CEF592}.Debug|Any CPU.ActiveCfg = Debug|Any CPU
		{EF6A86AA-3A2B-41BF-8075-4365E6CEF592}.Debug|Any CPU.Build.0 = Debug|Any CPU
		{EF6A86AA-3A2B-41BF-8075-4365E6CEF592}.Debug|ARM.ActiveCfg = Debug|Any CPU
		{EF6A86AA-3A2B-41BF-8075-4365E6CEF592}.Debug|ARM.Build.0 = Debug|Any CPU
		{EF6A86AA-3A2B-41BF-8075-4365E6CEF592}.Debug|x64.ActiveCfg = Debug|Any CPU
		{EF6A86AA-3A2B-41BF-8075-4365E6CEF592}.Debug|x64.Build.0 = Debug|Any CPU
		{EF6A86AA-3A2B-41BF-8075-4365E6CEF592}.Debug|x86.ActiveCfg = Debug|Any CPU
		{EF6A86AA-3A2B-41BF-8075-4365E6CEF592}.Debug|x86.Build.0 = Debug|Any CPU
		{EF6A86AA-3A2B-41BF-8075-4365E6CEF592}.Release|Any CPU.ActiveCfg = Release|Any CPU
		{EF6A86AA-3A2B-41BF-8075-4365E6CEF592}.Release|Any CPU.Build.0 = Release|Any CPU
		{EF6A86AA-3A2B-41BF-8075-4365E6CEF592}.Release|ARM.ActiveCfg = Release|Any CPU
		{EF6A86AA-3A2B-41BF-8075-4365E6CEF592}.Release|ARM.Build.0 = Release|Any CPU
		{EF6A86AA-3A2B-41BF-8075-4365E6CEF592}.Release|x64.ActiveCfg = Release|Any CPU
		{EF6A86AA-3A2B-41BF-8075-4365E6CEF592}.Release|x64.Build.0 = Release|Any CPU
		{EF6A86AA-3A2B-41BF-8075-4365E6CEF592}.Release|x86.ActiveCfg = Release|Any CPU
		{EF6A86AA-3A2B-41BF-8075-4365E6CEF592}.Release|x86.Build.0 = Release|Any CPU
	EndGlobalSection
	GlobalSection(SolutionProperties) = preSolution
		HideSolutionNode = FALSE
	EndGlobalSection
	GlobalSection(ExtensibilityGlobals) = postSolution
		EnterpriseLibraryConfigurationToolBinariesPathV6 = packages\EnterpriseLibrary.TransientFaultHandling.6.0.1304.0\lib\portable-net45+win+wp8
	EndGlobalSection
EndGlobal
